
Microsoft Visual Studio Solution File, Format Version 12.00
# Visual Studio Version 16
VisualStudioVersion = 16.0.32228.343
MinimumVisualStudioVersion = 10.0.40219.1
Project("{FAE04EC0-301F-11D3-BF4B-00C04F79EFBC}") = "SynchService", "SynchService\SynchService.csproj", "{19639DFE-0128-4AE6-A2CB-944C757AA171}"
EndProject
Project("{FAE04EC0-301F-11D3-BF4B-00C04F79EFBC}") = "SynchServiceManager", "SynchServiceManager\SynchServiceManager.csproj", "{45E6469C-7C29-4FA0-B2DE-27292A8601F5}"
EndProject
Project("{54435603-DBB4-11D2-8724-00A0C9A8B90C}") = "SynchSetup", "SynchSetup\SynchSetup.vdproj", "{8966BECA-C728-4A01-B06D-4AFF40A81F53}"
EndProject
Global
	GlobalSection(SolutionConfigurationPlatforms) = preSolution
		Debug|Any CPU = Debug|Any CPU
		Release|Any CPU = Release|Any CPU
	EndGlobalSection
	GlobalSection(ProjectConfigurationPlatforms) = postSolution
		{19639DFE-0128-4AE6-A2CB-944C757AA171}.Debug|Any CPU.ActiveCfg = Debug|x64
		{19639DFE-0128-4AE6-A2CB-944C757AA171}.Debug|Any CPU.Build.0 = Debug|x64
		{19639DFE-0128-4AE6-A2CB-944C757AA171}.Release|Any CPU.ActiveCfg = Release|Any CPU
		{19639DFE-0128-4AE6-A2CB-944C757AA171}.Release|Any CPU.Build.0 = Release|Any CPU
		{45E6469C-7C29-4FA0-B2DE-27292A8601F5}.Debug|Any CPU.ActiveCfg = Debug|x64
		{45E6469C-7C29-4FA0-B2DE-27292A8601F5}.Debug|Any CPU.Build.0 = Debug|x64
		{45E6469C-7C29-4FA0-B2DE-27292A8601F5}.Release|Any CPU.ActiveCfg = Release|Any CPU
		{45E6469C-7C29-4FA0-B2DE-27292A8601F5}.Release|Any CPU.Build.0 = Release|Any CPU
		{8966BECA-C728-4A01-B06D-4AFF40A81F53}.Debug|Any CPU.ActiveCfg = Debug
		{8966BECA-C728-4A01-B06D-4AFF40A81F53}.Debug|Any CPU.Build.0 = Debug
		{8966BECA-C728-4A01-B06D-4AFF40A81F53}.Release|Any CPU.ActiveCfg = Release
		{8966BECA-C728-4A01-B06D-4AFF40A81F53}.Release|Any CPU.Build.0 = Release
	EndGlobalSection
	GlobalSection(SolutionProperties) = preSolution
		HideSolutionNode = FALSE
	EndGlobalSection
	GlobalSection(ExtensibilityGlobals) = postSolution
		SolutionGuid = {C84B789A-D415-431A-87A3-94607E5CDBD9}
	EndGlobalSection
EndGlobal
